
Microsoft Visual Studio Solution File, Format Version 12.00
# Visual Studio Version 17
VisualStudioVersion = 17.8.34309.116
MinimumVisualStudioVersion = 10.0.40219.1
Project("{FAE04EC0-301F-11D3-BF4B-00C04F79EFBC}") = "EvaluacionGabriel", "EvaluacionGabriel\EvaluacionGabriel.csproj", "{AFCA83BC-C8E4-415A-A305-26C2DCBA7C33}"
EndProject
Global
	GlobalSection(SolutionConfigurationPlatforms) = preSolution
		Debug|Any CPU = Debug|Any CPU
		Release|Any CPU = Release|Any CPU
	EndGlobalSection
	GlobalSection(ProjectConfigurationPlatforms) = postSolution
		{AFCA83BC-C8E4-415A-A305-26C2DCBA7C33}.Debug|Any CPU.ActiveCfg = Debug|Any CPU
		{AFCA83BC-C8E4-415A-A305-26C2DCBA7C33}.Debug|Any CPU.Build.0 = Debug|Any CPU
		{AFCA83BC-C8E4-415A-A305-26C2DCBA7C33}.Release|Any CPU.ActiveCfg = Release|Any CPU
		{AFCA83BC-C8E4-415A-A305-26C2DCBA7C33}.Release|Any CPU.Build.0 = Release|Any CPU
	EndGlobalSection
	GlobalSection(SolutionProperties) = preSolution
		HideSolutionNode = FALSE
	EndGlobalSection
	GlobalSection(ExtensibilityGlobals) = postSolution
		SolutionGuid = {AB09B5CC-79BA-4C8A-B188-6655C2A241A6}
	EndGlobalSection
EndGlobal
